PODS:
  - TDBWalkthrough (1.0.0):
    - TDBWalkthrough/Interfaces
  - TDBWalkthrough/Interfaces (1.0.0)

DEPENDENCIES:
  - TDBWalkthrough (from `git@github.com:TitouanVanBelle/TDBWalkthrough.git`)

EXTERNAL SOURCES:
  TDBWalkthrough:
    :git: git@github.com:TitouanVanBelle/TDBWalkthrough.git

SPEC CHECKSUMS:
  TDBWalkthrough: 1076be85c72e9f56ecf9f55c8223c2517d6d2ba9

COCOAPODS: 0.32.1
