PODS:
  - TDBWalkthrough (1.0.0):
    - TDBWalkthrough/Interfaces
  - TDBWalkthrough/Interfaces (1.0.0)

DEPENDENCIES:
  - TDBWalkthrough (from `git@github.com:TitouanVanBelle/TDBWalkthrough.git`)

EXTERNAL SOURCES:
  TDBWalkthrough:
    :git: git@github.com:TitouanVanBelle/TDBWalkthrough.git

SPEC CHECKSUMS:
  TDBWalkthrough: 4684fb132c36c69c1b343a48c2bf8510eca99e6b

COCOAPODS: 0.32.1
